
Microsoft Visual Studio Solution File, Format Version 12.00
# Visual Studio Version 17
VisualStudioVersion = 17.3.32819.101
MinimumVisualStudioVersion = 10.0.40219.1
Project("{FAE04EC0-301F-11D3-BF4B-00C04F79EFBC}") = "WebUI", "WebUI\WebUI.csproj", "{81274DD8-3789-4AA0-8D95-89458A6D77AA}"
EndProject
Project("{FAE04EC0-301F-11D3-BF4B-00C04F79EFBC}") = "DataAccesLayer", "DataAccesLayer\DataAccesLayer.csproj", "{255014A7-9902-4BE7-977F-2B807ED4C86B}"
EndProject
Project("{FAE04EC0-301F-11D3-BF4B-00C04F79EFBC}") = "BusinessLogicLayer", "BusinessLogicLayer\BusinessLogicLayer.csproj", "{C96A0D03-73A5-4D9A-8DC3-E3F63B2130E1}"
EndProject
Project("{FAE04EC0-301F-11D3-BF4B-00C04F79EFBC}") = "Entity", "Entity\Entity.csproj", "{050C1993-175A-4C9D-9FAE-C02CF5A27A39}"
EndProject
Global
	GlobalSection(SolutionConfigurationPlatforms) = preSolution
		Debug|Any CPU = Debug|Any CPU
		Release|Any CPU = Release|Any CPU
	EndGlobalSection
	GlobalSection(ProjectConfigurationPlatforms) = postSolution
		{81274DD8-3789-4AA0-8D95-89458A6D77AA}.Debug|Any CPU.ActiveCfg = Debug|Any CPU
		{81274DD8-3789-4AA0-8D95-89458A6D77AA}.Debug|Any CPU.Build.0 = Debug|Any CPU
		{81274DD8-3789-4AA0-8D95-89458A6D77AA}.Release|Any CPU.ActiveCfg = Release|Any CPU
		{81274DD8-3789-4AA0-8D95-89458A6D77AA}.Release|Any CPU.Build.0 = Release|Any CPU
		{255014A7-9902-4BE7-977F-2B807ED4C86B}.Debug|Any CPU.ActiveCfg = Debug|Any CPU
		{255014A7-9902-4BE7-977F-2B807ED4C86B}.Debug|Any CPU.Build.0 = Debug|Any CPU
		{255014A7-9902-4BE7-977F-2B807ED4C86B}.Release|Any CPU.ActiveCfg = Release|Any CPU
		{255014A7-9902-4BE7-977F-2B807ED4C86B}.Release|Any CPU.Build.0 = Release|Any CPU
		{C96A0D03-73A5-4D9A-8DC3-E3F63B2130E1}.Debug|Any CPU.ActiveCfg = Debug|Any CPU
		{C96A0D03-73A5-4D9A-8DC3-E3F63B2130E1}.Debug|Any CPU.Build.0 = Debug|Any CPU
		{C96A0D03-73A5-4D9A-8DC3-E3F63B2130E1}.Release|Any CPU.ActiveCfg = Release|Any CPU
		{C96A0D03-73A5-4D9A-8DC3-E3F63B2130E1}.Release|Any CPU.Build.0 = Release|Any CPU
		{050C1993-175A-4C9D-9FAE-C02CF5A27A39}.Debug|Any CPU.ActiveCfg = Debug|Any CPU
		{050C1993-175A-4C9D-9FAE-C02CF5A27A39}.Debug|Any CPU.Build.0 = Debug|Any CPU
		{050C1993-175A-4C9D-9FAE-C02CF5A27A39}.Release|Any CPU.ActiveCfg = Release|Any CPU
		{050C1993-175A-4C9D-9FAE-C02CF5A27A39}.Release|Any CPU.Build.0 = Release|Any CPU
	EndGlobalSection
	GlobalSection(SolutionProperties) = preSolution
		HideSolutionNode = FALSE
	EndGlobalSection
	GlobalSection(ExtensibilityGlobals) = postSolution
		SolutionGuid = {9BE63519-32CC-4CF6-BD27-3EC1BC65C6AE}
	EndGlobalSection
EndGlobal
